
Microsoft Visual Studio Solution File, Format Version 12.00
# Visual Studio Version 17
VisualStudioVersion = 17.3.32929.385
MinimumVisualStudioVersion = 10.0.40219.1
Project("{FAE04EC0-301F-11D3-BF4B-00C04F79EFBC}") = "ApiBiblioteca", "ApiBiblioteca\ApiBiblioteca.csproj", "{5F70A064-2167-4518-A69F-B9CA7872EC0C}"
EndProject
Global
	GlobalSection(SolutionConfigurationPlatforms) = preSolution
		Debug|Any CPU = Debug|Any CPU
		Release|Any CPU = Release|Any CPU
	EndGlobalSection
	GlobalSection(ProjectConfigurationPlatforms) = postSolution
		{5F70A064-2167-4518-A69F-B9CA7872EC0C}.Debug|Any CPU.ActiveCfg = Debug|Any CPU
		{5F70A064-2167-4518-A69F-B9CA7872EC0C}.Debug|Any CPU.Build.0 = Debug|Any CPU
		{5F70A064-2167-4518-A69F-B9CA7872EC0C}.Release|Any CPU.ActiveCfg = Release|Any CPU
		{5F70A064-2167-4518-A69F-B9CA7872EC0C}.Release|Any CPU.Build.0 = Release|Any CPU
	EndGlobalSection
	GlobalSection(SolutionProperties) = preSolution
		HideSolutionNode = FALSE
	EndGlobalSection
	GlobalSection(ExtensibilityGlobals) = postSolution
		SolutionGuid = {20828042-A15B-43F3-86B3-CE3AB09FAFEC}
	EndGlobalSection
EndGlobal
